
Microsoft Visual Studio Solution File, Format Version 12.00
# Visual Studio 14
VisualStudioVersion = 14.0.23107.0
MinimumVisualStudioVersion = 10.0.40219.1
Project("{FAE04EC0-301F-11D3-BF4B-00C04F79EFBC}") = "Ex03.GarageLogic", "Ex03.GarageLogic\Ex03.GarageLogic.csproj", "{798E1007-D559-417D-BB89-2E4DFDDD65E3}"
EndProject
Project("{FAE04EC0-301F-11D3-BF4B-00C04F79EFBC}") = "Ex03.ConsoleUI", "Ex03.ConsoleUI\Ex03.ConsoleUI.csproj", "{59FF4259-5AD9-457F-955C-FC6A349653F1}"
EndProject
Global
	GlobalSection(SolutionConfigurationPlatforms) = preSolution
		Debug|Any CPU = Debug|Any CPU
		Release|Any CPU = Release|Any CPU
	EndGlobalSection
	GlobalSection(ProjectConfigurationPlatforms) = postSolution
		{798E1007-D559-417D-BB89-2E4DFDDD65E3}.Debug|Any CPU.ActiveCfg = Debug|Any CPU
		{798E1007-D559-417D-BB89-2E4DFDDD65E3}.Debug|Any CPU.Build.0 = Debug|Any CPU
		{798E1007-D559-417D-BB89-2E4DFDDD65E3}.Release|Any CPU.ActiveCfg = Release|Any CPU
		{798E1007-D559-417D-BB89-2E4DFDDD65E3}.Release|Any CPU.Build.0 = Release|Any CPU
		{59FF4259-5AD9-457F-955C-FC6A349653F1}.Debug|Any CPU.ActiveCfg = Debug|Any CPU
		{59FF4259-5AD9-457F-955C-FC6A349653F1}.Debug|Any CPU.Build.0 = Debug|Any CPU
		{59FF4259-5AD9-457F-955C-FC6A349653F1}.Release|Any CPU.ActiveCfg = Release|Any CPU
		{59FF4259-5AD9-457F-955C-FC6A349653F1}.Release|Any CPU.Build.0 = Release|Any CPU
	EndGlobalSection
	GlobalSection(SolutionProperties) = preSolution
		HideSolutionNode = FALSE
	EndGlobalSection
EndGlobal
